dario.cat/mergo v1.0.0 h1:AGCNq9Evsj31mOgNPcLyXc+4PNABt905YmuqPYYpBWk=
dario.cat/mergo v1.0.0/go.mod h1:uNxQE+84aUszobStD9th8a29P2fMDhsBdgRYvZOxGmk=
github.com/bmatcuk/doublestar v1.3.4 h1:gPypJ5xD31uhX6Tf54sDPUOBXTqKH4c9aPY66CyQrS0=
github.com/bmatcuk/doublestar v1.3.4/go.mod h1:wiQtGV+rzVYxB7WIlirSN++5HPtPlXEo9MEoZQC/PmE=
github.com/buildkite/yaml v2.1.0+incompatible h1:xirI+ql5GzfikVNDmt+yeiXpf/v1Gt03qXTtT5WXdr8=
github.com/buildkite/yaml v2.1.0+incompatible/go.mod h1:UoU8vbcwu1+vjZq01+KrpSeLBgQQIjL/H7Y6KwikUrI=
github.com/docker/go-units v0.4.0 h1:3uh0PgVws3nIA0Q+MwDC8yjEPf9zjRfZZWXZYDct3Tw=
github.com/docker/go-units v0.4.0/go.mod h1:fgPhTUdO+D/Jk86RDLlptpiXQzgHJF7gydDDbaIK4Dk=
github.com/drone/spec v0.0.0-20230919004456-7455b8913ff5 h1:NgAseJNQpJE3XtgJUPu4x7x5fcBjqZ3oKHDJfwBYdWk=
github.com/drone/spec v0.0.0-20230919004456-7455b8913ff5/go.mod h1:KyQZA9qwuscbbM7yTrtZg25Wammoc5GKwaRem8kDA5k=
github.com/drone/spec v0.0.0-20241206074240-c0adc29201f6 h1:ag4sJrFRvWf9PxqN2JDurm2C3zCeKnHgp20ZaDkBiyg=
github.com/drone/spec v0.0.0-20241206074240-c0adc29201f6/go.mod h1:KyQZA9qwuscbbM7yTrtZg25Wammoc5GKwaRem8kDA5k=
github.com/drone/spec v0.0.0-20241206110716-6b0bc437f5d3 h1:waJqvC0pcxSVG0NNlVtyQ6Sp5cO+Rg/P9Z32XFSo4UU=
github.com/drone/spec v0.0.0-20241206110716-6b0bc437f5d3/go.mod h1:KyQZA9qwuscbbM7yTrtZg25Wammoc5GKwaRem8kDA5k=
github.com/drone/spec v0.0.0-20241206112721-895e54a426dc h1:mJUkCCiOITKFGkCRyq/taIpHmrffcgEH9OuWaiwZaA4=
github.com/drone/spec v0.0.0-20241206112721-895e54a426dc/go.mod h1:KyQZA9qwuscbbM7yTrtZg25Wammoc5GKwaRem8kDA5k=
github.com/drone/spec v0.0.0-20241206113347-76171b50a6b8 h1:WL+nD/36D3R1HlpqOmY7vxdYUttrL2V4a/VLky9v+Lk=
github.com/drone/spec v0.0.0-20241206113347-76171b50a6b8/go.mod h1:KyQZA9qwuscbbM7yTrtZg25Wammoc5GKwaRem8kDA5k=
github.com/drone/spec v0.0.0-20241208142400-ae8af91086e4 h1:fxCwzQpdO+VEy6nMLS8ybcknJ3/c5TPqFT5/HngSFx4=
github.com/drone/spec v0.0.0-20241208142400-ae8af91086e4/go.mod h1:KyQZA9qwuscbbM7yTrtZg25Wammoc5GKwaRem8kDA5k=
github.com/drone/spec v0.0.0-20241209071302-e62a5fc1bd39 h1:eszoTWMbPtCgTIfmlyetw9REFFYKpNGzmF2qZGdMGW0=
github.com/drone/spec v0.0.0-20241209071302-e62a5fc1bd39/go.mod h1:KyQZA9qwuscbbM7yTrtZg25Wammoc5GKwaRem8kDA5k=
github.com/drone/spec v0.0.0-20241209084510-3dd2a8f1d4b3 h1:4WJp6rVKGU7oj62FLy9+4azX0SCwcighbZqCM41rh84=
github.com/drone/spec v0.0.0-20241209084510-3dd2a8f1d4b3/go.mod h1:KyQZA9qwuscbbM7yTrtZg25Wammoc5GKwaRem8kDA5k=
github.com/drone/spec v0.0.0-20241209101256-fe5074a83f15 h1:/C0TNbUB9pkDp3BaCId7yP36ql0v8PxP9gAIKlUo5xA=
github.com/drone/spec v0.0.0-20241209101256-fe5074a83f15/go.mod h1:KyQZA9qwuscbbM7yTrtZg25Wammoc5GKwaRem8kDA5k=
github.com/drone/spec v0.0.0-20241209102330-ebcd688c5e4d h1:oO1u2FVMZatFfwr3Ie8MabGMpOJJwjA57IZmYUjbEOI=
github.com/drone/spec v0.0.0-20241209102330-ebcd688c5e4d/go.mod h1:KyQZA9qwuscbbM7yTrtZg25Wammoc5GKwaRem8kDA5k=
github.com/drone/spec v0.0.0-20241209102911-9e734bcf1284 h1:mVhtCMroPWWtG3mt7f8bSiKSUMeW7CFlKpaEzO381jM=
github.com/drone/spec v0.0.0-20241209102911-9e734bcf1284/go.mod h1:KyQZA9qwuscbbM7yTrtZg25Wammoc5GKwaRem8kDA5k=
github.com/drone/spec v0.0.0-20241209104116-8267461e9d39 h1:8FDyDR/YVW640O7ixz0iF9Bkut1J46063MgjHSCfrkQ=
github.com/drone/spec v0.0.0-20241209104116-8267461e9d39/go.mod h1:KyQZA9qwuscbbM7yTrtZg25Wammoc5GKwaRem8kDA5k=
github.com/drone/spec v0.0.0-20241209111925-fd1782c8fe08 h1:pk6ftD7tFlvUFiTfbLG27+nW6OqmupvVtJDCcsGo/HM=
github.com/drone/spec v0.0.0-20241209111925-fd1782c8fe08/go.mod h1:KyQZA9qwuscbbM7yTrtZg25Wammoc5GKwaRem8kDA5k=
github.com/drone/spec v0.0.0-20241209120745-6a698158554a h1:LVanuctoR9mDp46HW3f9onrseHuCJEjyUdmI7D/HMa0=
github.com/drone/spec v0.0.0-20241209120745-6a698158554a/go.mod h1:KyQZA9qwuscbbM7yTrtZg25Wammoc5GKwaRem8kDA5k=
github.com/ghodss/yaml v1.0.0 h1:wQHKEahhL6wmXdzwWG11gIVCkOv05bNOh+Rxn0yngAk=
github.com/ghodss/yaml v1.0.0/go.mod h1:4dBDuWmgqj2HViK6kFavaiC9ZROes6MMH2rRYeMEF04=
github.com/google/go-cmp v0.5.9 h1:O2Tfq5qg4qc4AmwVlvv0oLiVAGB7enBSJ2x2DqQFi38=
github.com/google/go-cmp v0.5.9/go.mod h1:17dUlkBOakJ0+DkrSSNjCkIjxS6bF9zb3elmeNGIjoY=
github.com/google/subcommands v1.2.0 h1:vWQspBTo2nEqTUFita5/KeEWlUL8kQObDFbub/EN9oE=
github.com/google/subcommands v1.2.0/go.mod h1:ZjhPrFU+Olkh9WazFPsl27BQ4UPiG37m3yTrtFlrHVk=
github.com/gotidy/ptr v1.4.0 h1:7++suUs+HNHMnyz6/AW3SE+4EnBhupPSQTSI7QNijVc=
github.com/gotidy/ptr v1.4.0/go.mod h1:MjRBG6/IETiiZGWI8LrRtISXEji+8b/jigmj2q0mEyM=
github.com/tidwall/gjson v1.17.1 h1:wlYEnwqAHgzmhNUFfw7Xalt2JzQvsMx2Se4PcoFCT/U=
github.com/tidwall/gjson v1.17.1/go.mod h1:/wbyibRr2FHMks5tjHJ5F8dMZh3AcwJEMf5vlfC0lxk=
github.com/tidwall/match v1.1.1 h1:+Ho715JplO36QYgwN9PGYNhgZvoUSc9X2c80KVTi+GA=
github.com/tidwall/match v1.1.1/go.mod h1:eRSPERbgtNPcGhD8UCthc6PmLEQXEWd3PRB5JTxsfmM=
github.com/tidwall/pretty v1.2.0 h1:RWIZEg2iJ8/g6fDDYzMpobmaoGh5OLl4AXtGUGPcqCs=
github.com/tidwall/pretty v1.2.0/go.mod h1:ITEVvHYasfjBbM0u2Pg8T2nJnzm8xPwvNhhsoaGGjNU=
golang.org/x/text v0.13.0 h1:ablQoSUd0tRdKxZewP80B+BaqeKJuVhuRxj/dkrun3k=
golang.org/x/text v0.13.0/go.mod h1:TvPlkZtksWOMsz7fbANvkp4WM8x/WCo/om8BMLbz+aE=
gopkg.in/check.v1 v0.0.0-20161208181325-20d25e280405 h1:yhCVgyC4o1eVCa2tZl7eS0r+SDo693bJlVdllGtEeKM=
gopkg.in/check.v1 v0.0.0-20161208181325-20d25e280405/go.mod h1:Co6ibVJAznAaIkqp8huTwlJQCZ016jof/cbN4VW5Yz0=
gopkg.in/yaml.v2 v2.4.0 h1:D8xgwECY7CYvx+Y2n4sBz93Jn9JRvxdiyyo8CTfuKaY=
gopkg.in/yaml.v2 v2.4.0/go.mod h1:RDklbk79AGWmwhnvt/jBztapEOGDOx6ZbXqjP6csGnQ=
gopkg.in/yaml.v3 v3.0.1 h1:fxVm/GzAzEWqLHuvctI91KS9hhNmmWOoWu0XTYJS7CA=
gopkg.in/yaml.v3 v3.0.1/go.mod h1:K4uyk7z7BCEPqu6E+C64Yfv1cQ7kz7rIZviUmN+EgEM=
